{
  "requires": true,
  "lockfileVersion": 1,
  "dependencies": {
    "mogodb": {
      "version": "0.0.1-security",
      "resolved": "https://registry.npmjs.org/mogodb/-/mogodb-0.0.1-security.tgz",
      "integrity": "sha512-aRrvmRNhrmjOwPAhKI7pWiwHKna8U9BLpruj+dlwocwRrhJXoJ9CNThcVlphh7c4nQiPU0Wj6QsJYLUCS+7Glw=="
    }
  }
}
